
Microsoft Visual Studio Solution File, Format Version 12.00
# Visual Studio Version 17
VisualStudioVersion = 17.14.36518.9
MinimumVisualStudioVersion = 10.0.40219.1
Project("{FAE04EC0-301F-11D3-BF4B-00C04F79EFBC}") = "UI", "MyNotes\UI.csproj", "{CAB1D5E7-0232-475D-8129-478F646B893B}"
	ProjectSection(ProjectDependencies) = postProject
		{AC370067-3B6A-4119-A3FF-8FCF9D22C703} = {AC370067-3B6A-4119-A3FF-8FCF9D22C703}
	EndProjectSection
EndProject
Project("{FAE04EC0-301F-11D3-BF4B-00C04F79EFBC}") = "Domain", "Domain\Domain.csproj", "{AC370067-3B6A-4119-A3FF-8FCF9D22C703}"
EndProject
Global
	GlobalSection(SolutionConfigurationPlatforms) = preSolution
		Debug|Any CPU = Debug|Any CPU
		Release|Any CPU = Release|Any CPU
	EndGlobalSection
	GlobalSection(ProjectConfigurationPlatforms) = postSolution
		{CAB1D5E7-0232-475D-8129-478F646B893B}.Debug|Any CPU.ActiveCfg = Debug|Any CPU
		{CAB1D5E7-0232-475D-8129-478F646B893B}.Debug|Any CPU.Build.0 = Debug|Any CPU
		{CAB1D5E7-0232-475D-8129-478F646B893B}.Release|Any CPU.ActiveCfg = Release|Any CPU
		{CAB1D5E7-0232-475D-8129-478F646B893B}.Release|Any CPU.Build.0 = Release|Any CPU
		{AC370067-3B6A-4119-A3FF-8FCF9D22C703}.Debug|Any CPU.ActiveCfg = Debug|Any CPU
		{AC370067-3B6A-4119-A3FF-8FCF9D22C703}.Debug|Any CPU.Build.0 = Debug|Any CPU
		{AC370067-3B6A-4119-A3FF-8FCF9D22C703}.Release|Any CPU.ActiveCfg = Release|Any CPU
		{AC370067-3B6A-4119-A3FF-8FCF9D22C703}.Release|Any CPU.Build.0 = Release|Any CPU
	EndGlobalSection
	GlobalSection(SolutionProperties) = preSolution
		HideSolutionNode = FALSE
	EndGlobalSection
	GlobalSection(ExtensibilityGlobals) = postSolution
		SolutionGuid = {ADBF15A1-0110-42C5-8FFC-D901FCA6BC8F}
	EndGlobalSection
EndGlobal
