
Microsoft Visual Studio Solution File, Format Version 12.00
# Visual Studio Version 17
VisualStudioVersion = 17.14.36518.9
MinimumVisualStudioVersion = 10.0.40219.1
Project("{FAE04EC0-301F-11D3-BF4B-00C04F79EFBC}") = "Data.Interfaces", "Data.Interfaces\Data.Interfaces.csproj", "{83B1D9AD-D340-430D-976F-804514E99EA2}"
	ProjectSection(ProjectDependencies) = postProject
		{4C87A310-E782-88CA-BD21-9E0EADBC333E} = {4C87A310-E782-88CA-BD21-9E0EADBC333E}
	EndProjectSection
EndProject
Project("{FAE04EC0-301F-11D3-BF4B-00C04F79EFBC}") = "Data.InMemory", "Data.InMemory\Data.InMemory.csproj", "{CFDFEAE2-F3A6-40CA-AF87-68BE6FCA1A1B}"
	ProjectSection(ProjectDependencies) = postProject
		{4C87A310-E782-88CA-BD21-9E0EADBC333E} = {4C87A310-E782-88CA-BD21-9E0EADBC333E}
		{83B1D9AD-D340-430D-976F-804514E99EA2} = {83B1D9AD-D340-430D-976F-804514E99EA2}
	EndProjectSection
EndProject
Project("{FAE04EC0-301F-11D3-BF4B-00C04F79EFBC}") = "Services", "Services\Services.csproj", "{7B1BC8DE-449E-4ADB-B307-0B0705F6935D}"
	ProjectSection(ProjectDependencies) = postProject
		{83B1D9AD-D340-430D-976F-804514E99EA2} = {83B1D9AD-D340-430D-976F-804514E99EA2}
	EndProjectSection
EndProject
Project("{FAE04EC0-301F-11D3-BF4B-00C04F79EFBC}") = "Domain", "..\..\..\ВКИ\C#\Курсовая\MyNotes\MyNotes\Domain\Domain.csproj", "{4C87A310-E782-88CA-BD21-9E0EADBC333E}"
EndProject
Project("{FAE04EC0-301F-11D3-BF4B-00C04F79EFBC}") = "UI", "..\..\..\ВКИ\C#\Курсовая\MyNotes\MyNotes\MyNotes\UI.csproj", "{1A8F9E28-243D-A5C5-2EBC-74ABB5DCFDE3}"
	ProjectSection(ProjectDependencies) = postProject
		{7B1BC8DE-449E-4ADB-B307-0B0705F6935D} = {7B1BC8DE-449E-4ADB-B307-0B0705F6935D}
		{83B1D9AD-D340-430D-976F-804514E99EA2} = {83B1D9AD-D340-430D-976F-804514E99EA2}
		{CFDFEAE2-F3A6-40CA-AF87-68BE6FCA1A1B} = {CFDFEAE2-F3A6-40CA-AF87-68BE6FCA1A1B}
	EndProjectSection
EndProject
Global
	GlobalSection(SolutionConfigurationPlatforms) = preSolution
		Debug|Any CPU = Debug|Any CPU
		Release|Any CPU = Release|Any CPU
	EndGlobalSection
	GlobalSection(ProjectConfigurationPlatforms) = postSolution
		{83B1D9AD-D340-430D-976F-804514E99EA2}.Debug|Any CPU.ActiveCfg = Debug|Any CPU
		{83B1D9AD-D340-430D-976F-804514E99EA2}.Debug|Any CPU.Build.0 = Debug|Any CPU
		{83B1D9AD-D340-430D-976F-804514E99EA2}.Release|Any CPU.ActiveCfg = Release|Any CPU
		{83B1D9AD-D340-430D-976F-804514E99EA2}.Release|Any CPU.Build.0 = Release|Any CPU
		{CFDFEAE2-F3A6-40CA-AF87-68BE6FCA1A1B}.Debug|Any CPU.ActiveCfg = Debug|Any CPU
		{CFDFEAE2-F3A6-40CA-AF87-68BE6FCA1A1B}.Debug|Any CPU.Build.0 = Debug|Any CPU
		{CFDFEAE2-F3A6-40CA-AF87-68BE6FCA1A1B}.Release|Any CPU.ActiveCfg = Release|Any CPU
		{CFDFEAE2-F3A6-40CA-AF87-68BE6FCA1A1B}.Release|Any CPU.Build.0 = Release|Any CPU
		{7B1BC8DE-449E-4ADB-B307-0B0705F6935D}.Debug|Any CPU.ActiveCfg = Debug|Any CPU
		{7B1BC8DE-449E-4ADB-B307-0B0705F6935D}.Debug|Any CPU.Build.0 = Debug|Any CPU
		{7B1BC8DE-449E-4ADB-B307-0B0705F6935D}.Release|Any CPU.ActiveCfg = Release|Any CPU
		{7B1BC8DE-449E-4ADB-B307-0B0705F6935D}.Release|Any CPU.Build.0 = Release|Any CPU
		{4C87A310-E782-88CA-BD21-9E0EADBC333E}.Debug|Any CPU.ActiveCfg = Debug|Any CPU
		{4C87A310-E782-88CA-BD21-9E0EADBC333E}.Debug|Any CPU.Build.0 = Debug|Any CPU
		{4C87A310-E782-88CA-BD21-9E0EADBC333E}.Release|Any CPU.ActiveCfg = Release|Any CPU
		{4C87A310-E782-88CA-BD21-9E0EADBC333E}.Release|Any CPU.Build.0 = Release|Any CPU
		{1A8F9E28-243D-A5C5-2EBC-74ABB5DCFDE3}.Debug|Any CPU.ActiveCfg = Debug|Any CPU
		{1A8F9E28-243D-A5C5-2EBC-74ABB5DCFDE3}.Debug|Any CPU.Build.0 = Debug|Any CPU
		{1A8F9E28-243D-A5C5-2EBC-74ABB5DCFDE3}.Release|Any CPU.ActiveCfg = Release|Any CPU
		{1A8F9E28-243D-A5C5-2EBC-74ABB5DCFDE3}.Release|Any CPU.Build.0 = Release|Any CPU
	EndGlobalSection
	GlobalSection(SolutionProperties) = preSolution
		HideSolutionNode = FALSE
	EndGlobalSection
	GlobalSection(ExtensibilityGlobals) = postSolution
		SolutionGuid = {A09C8C46-C3D4-4F71-8953-28121C185B4B}
	EndGlobalSection
EndGlobal
